// !$*UTF8*$!
{
	archiveVersion = 1;
	classes = {
	};
	objectVersion = 46;
	objects = {

/* Begin PBXBuildFile section */
		716B1C62199F36C800B92BC3 /* Foundation.framework in Frameworks */ = {isa = PBXBuildFile; fileRef = 716B1C61199F36C800B92BC3 /* Foundation.framework */; };
		716B1C64199F36C800B92BC3 /* CoreGraphics.framework in Frameworks */ = {isa = PBXBuildFile; fileRef = 716B1C63199F36C800B92BC3 /* CoreGraphics.framework */; };
		716B1C66199F36C800B92BC3 /* UIKit.framework in Frameworks */ = {isa = PBXBuildFile; fileRef = 716B1C65199F36C800B92BC3 /* UIKit.framework */; };
		716B1C6C199F36C800B92BC3 /* InfoPlist.strings in Resources */ = {isa = PBXBuildFile; fileRef = 716B1C6A199F36C800B92BC3 /* InfoPlist.strings */; };
		716B1C6E199F36C800B92BC3 /* main.m in Sources */ = {isa = PBXBuildFile; fileRef = 716B1C6D199F36C800B92BC3 /* main.m */; };
		716B1C72199F36C800B92BC3 /* AppDelegate.m in Sources */ = {isa = PBXBuildFile; fileRef = 716B1C71199F36C800B92BC3 /* AppDelegate.m */; };
		716B1C75199F36C800B92BC3 /* Main_iPhone.storyboard in Resources */ = {isa = PBXBuildFile; fileRef = 716B1C73199F36C800B92BC3 /* Main_iPhone.storyboard */; };
		716B1C78199F36C800B92BC3 /* Main_iPad.storyboard in Resources */ = {isa = PBXBuildFile; fileRef = 716B1C76199F36C800B92BC3 /* Main_iPad.storyboard */; };
		716B1C7B199F36C800B92BC3 /* MasterViewController.m in Sources */ = {isa = PBXBuildFile; fileRef = 716B1C7A199F36C800B92BC3 /* MasterViewController.m */; };
		716B1C7E199F36C800B92BC3 /* DetailViewController.m in Sources */ = {isa = PBXBuildFile; fileRef = 716B1C7D199F36C800B92BC3 /* DetailViewController.m */; };
		716B1C80199F36C800B92BC3 /* Images.xcassets in Resources */ = {isa = PBXBuildFile; fileRef = 716B1C7F199F36C800B92BC3 /* Images.xcassets */; };
		716B1C87199F36C800B92BC3 /* XCTest.framework in Frameworks */ = {isa = PBXBuildFile; fileRef = 716B1C86199F36C800B92BC3 /* XCTest.framework */; };
		716B1C88199F36C800B92BC3 /* Foundation.framework in Frameworks */ = {isa = PBXBuildFile; fileRef = 716B1C61199F36C800B92BC3 /* Foundation.framework */; };
		716B1C89199F36C800B92BC3 /* UIKit.framework in Frameworks */ = {isa = PBXBuildFile; fileRef = 716B1C65199F36C800B92BC3 /* UIKit.framework */; };
		716B1C91199F36C800B92BC3 /* InfoPlist.strings in Resources */ = {isa = PBXBuildFile; fileRef = 716B1C8F199F36C800B92BC3 /* InfoPlist.strings */; };
		716B1C93199F36C800B92BC3 /* stb_fan_bata1Tests.m in Sources */ = {isa = PBXBuildFile; fileRef = 716B1C92199F36C800B92BC3 /* stb_fan_bata1Tests.m */; };
/* End PBXBuildFile section */

/* Begin PBXContainerItemProxy section */
		716B1C8A199F36C800B92BC3 /* PBXContainerItemProxy */ = {
			isa = PBXContainerItemProxy;
			containerPortal = 716B1C56199F36C800B92BC3 /* Project object */;
			proxyType = 1;
			remoteGlobalIDString = 716B1C5D199F36C800B92BC3;
			remoteInfo = "stb☆fan_bata1";
		};
/* End PBXContainerItemProxy section */

/* Begin PBXFileReference section */
		716B1C5E199F36C800B92BC3 /* stb☆fan_bata1.app */ = {isa = PBXFileReference; explicitFileType = wrapper.application; includeInIndex = 0; path = "stb☆fan_bata1.app"; sourceTree = BUILT_PRODUCTS_DIR; };
		716B1C61199F36C800B92BC3 /* Foundation.framework */ = {isa = PBXFileReference; lastKnownFileType = wrapper.framework; name = Foundation.framework; path = System/Library/Frameworks/Foundation.framework; sourceTree = SDKROOT; };
		716B1C63199F36C800B92BC3 /* CoreGraphics.framework */ = {isa = PBXFileReference; lastKnownFileType = wrapper.framework; name = CoreGraphics.framework; path = System/Library/Frameworks/CoreGraphics.framework; sourceTree = SDKROOT; };
		716B1C65199F36C800B92BC3 /* UIKit.framework */ = {isa = PBXFileReference; lastKnownFileType = wrapper.framework; name = UIKit.framework; path = System/Library/Frameworks/UIKit.framework; sourceTree = SDKROOT; };
		716B1C69199F36C800B92BC3 /* stb☆fan_bata1-Info.plist */ = {isa = PBXFileReference; lastKnownFileType = text.plist.xml; path = "stb☆fan_bata1-Info.plist"; sourceTree = "<group>"; };
		716B1C6B199F36C800B92BC3 /* en */ = {isa = PBXFileReference; lastKnownFileType = text.plist.strings; name = en; path = en.lproj/InfoPlist.strings; sourceTree = "<group>"; };
		716B1C6D199F36C800B92BC3 /* main.m */ = {isa = PBXFileReference; lastKnownFileType = sourcecode.c.objc; path = main.m; sourceTree = "<group>"; };
		716B1C6F199F36C800B92BC3 /* stb☆fan_bata1-Prefix.pch */ = {isa = PBXFileReference; lastKnownFileType = sourcecode.c.h; path = "stb☆fan_bata1-Prefix.pch"; sourceTree = "<group>"; };
		716B1C70199F36C800B92BC3 /* AppDelegate.h */ = {isa = PBXFileReference; lastKnownFileType = sourcecode.c.h; path = AppDelegate.h; sourceTree = "<group>"; };
		716B1C71199F36C800B92BC3 /* AppDelegate.m */ = {isa = PBXFileReference; lastKnownFileType = sourcecode.c.objc; path = AppDelegate.m; sourceTree = "<group>"; };
		716B1C74199F36C800B92BC3 /* Base */ = {isa = PBXFileReference; lastKnownFileType = file.storyboard; name = Base; path = Base.lproj/Main_iPhone.storyboard; sourceTree = "<group>"; };
		716B1C77199F36C800B92BC3 /* Base */ = {isa = PBXFileReference; lastKnownFileType = file.storyboard; name = Base; path = Base.lproj/Main_iPad.storyboard; sourceTree = "<group>"; };
		716B1C79199F36C800B92BC3 /* MasterViewController.h */ = {isa = PBXFileReference; lastKnownFileType = sourcecode.c.h; path = MasterViewController.h; sourceTree = "<group>"; };
		716B1C7A199F36C800B92BC3 /* MasterViewController.m */ = {isa = PBXFileReference; lastKnownFileType = sourcecode.c.objc; path = MasterViewController.m; sourceTree = "<group>"; };
		716B1C7C199F36C800B92BC3 /* DetailViewController.h */ = {isa = PBXFileReference; lastKnownFileType = sourcecode.c.h; path = DetailViewController.h; sourceTree = "<group>"; };
		716B1C7D199F36C800B92BC3 /* DetailViewController.m */ = {isa = PBXFileReference; lastKnownFileType = sourcecode.c.objc; path = DetailViewController.m; sourceTree = "<group>"; };
		716B1C7F199F36C800B92BC3 /* Images.xcassets */ = {isa = PBXFileReference; lastKnownFileType = folder.assetcatalog; path = Images.xcassets; sourceTree = "<group>"; };
		716B1C85199F36C800B92BC3 /* stb☆fan_bata1Tests.xctest */ = {isa = PBXFileReference; explicitFileType = wrapper.cfbundle; includeInIndex = 0; path = "stb☆fan_bata1Tests.xctest"; sourceTree = BUILT_PRODUCTS_DIR; };
		716B1C86199F36C800B92BC3 /* XCTest.framework */ = {isa = PBXFileReference; lastKnownFileType = wrapper.framework; name = XCTest.framework; path = Library/Frameworks/XCTest.framework; sourceTree = DEVELOPER_DIR; };
		716B1C8E199F36C800B92BC3 /* stb☆fan_bata1Tests-Info.plist */ = {isa = PBXFileReference; lastKnownFileType = text.plist.xml; path = "stb☆fan_bata1Tests-Info.plist"; sourceTree = "<group>"; };
		716B1C90199F36C800B92BC3 /* en */ = {isa = PBXFileReference; lastKnownFileType = text.plist.strings; name = en; path = en.lproj/InfoPlist.strings; sourceTree = "<group>"; };
		716B1C92199F36C800B92BC3 /* stb_fan_bata1Tests.m */ = {isa = PBXFileReference; lastKnownFileType = sourcecode.c.objc; path = stb_fan_bata1Tests.m; sourceTree = "<group>"; };
/* End PBXFileReference section */

/* Begin PBXFrameworksBuildPhase section */
		716B1C5B199F36C800B92BC3 /* Frameworks */ = {
			isa = PBXFrameworksBuildPhase;
			buildActionMask = 2147483647;
			files = (
				716B1C64199F36C800B92BC3 /* CoreGraphics.framework in Frameworks */,
				716B1C66199F36C800B92BC3 /* UIKit.framework in Frameworks */,
				716B1C62199F36C800B92BC3 /* Foundation.framework in Frameworks */,
			);
			runOnlyForDeploymentPostprocessing = 0;
		};
		716B1C82199F36C800B92BC3 /* Frameworks */ = {
			isa = PBXFrameworksBuildPhase;
			buildActionMask = 2147483647;
			files = (
				716B1C87199F36C800B92BC3 /* XCTest.framework in Frameworks */,
				716B1C89199F36C800B92BC3 /* UIKit.framework in Frameworks */,
				716B1C88199F36C800B92BC3 /* Foundation.framework in Frameworks */,
			);
			runOnlyForDeploymentPostprocessing = 0;
		};
/* End PBXFrameworksBuildPhase section */

/* Begin PBXGroup section */
		716B1C55199F36C800B92BC3 = {
			isa = PBXGroup;
			children = (
				716B1C67199F36C800B92BC3 /* stb☆fan_bata1 */,
				716B1C8C199F36C800B92BC3 /* stb☆fan_bata1Tests */,
				716B1C60199F36C800B92BC3 /* Frameworks */,
				716B1C5F199F36C800B92BC3 /* Products */,
			);
			sourceTree = "<group>";
		};
		716B1C5F199F36C800B92BC3 /* Products */ = {
			isa = PBXGroup;
			children = (
				716B1C5E199F36C800B92BC3 /* stb☆fan_bata1.app */,
				716B1C85199F36C800B92BC3 /* stb☆fan_bata1Tests.xctest */,
			);
			name = Products;
			sourceTree = "<group>";
		};
		716B1C60199F36C800B92BC3 /* Frameworks */ = {
			isa = PBXGroup;
			children = (
				716B1C61199F36C800B92BC3 /* Foundation.framework */,
				716B1C63199F36C800B92BC3 /* CoreGraphics.framework */,
				716B1C65199F36C800B92BC3 /* UIKit.framework */,
				716B1C86199F36C800B92BC3 /* XCTest.framework */,
			);
			name = Frameworks;
			sourceTree = "<group>";
		};
		716B1C67199F36C800B92BC3 /* stb☆fan_bata1 */ = {
			isa = PBXGroup;
			children = (
				716B1C70199F36C800B92BC3 /* AppDelegate.h */,
				716B1C71199F36C800B92BC3 /* AppDelegate.m */,
				716B1C73199F36C800B92BC3 /* Main_iPhone.storyboard */,
				716B1C76199F36C800B92BC3 /* Main_iPad.storyboard */,
				716B1C79199F36C800B92BC3 /* MasterViewController.h */,
				716B1C7A199F36C800B92BC3 /* MasterViewController.m */,
				716B1C7C199F36C800B92BC3 /* DetailViewController.h */,
				716B1C7D199F36C800B92BC3 /* DetailViewController.m */,
				716B1C7F199F36C800B92BC3 /* Images.xcassets */,
				716B1C68199F36C800B92BC3 /* Supporting Files */,
			);
			path = "stb☆fan_bata1";
			sourceTree = "<group>";
		};
		716B1C68199F36C800B92BC3 /* Supporting Files */ = {
			isa = PBXGroup;
			children = (
				716B1C69199F36C800B92BC3 /* stb☆fan_bata1-Info.plist */,
				716B1C6A199F36C800B92BC3 /* InfoPlist.strings */,
				716B1C6D199F36C800B92BC3 /* main.m */,
				716B1C6F199F36C800B92BC3 /* stb☆fan_bata1-Prefix.pch */,
			);
			name = "Supporting Files";
			sourceTree = "<group>";
		};
		716B1C8C199F36C800B92BC3 /* stb☆fan_bata1Tests */ = {
			isa = PBXGroup;
			children = (
				716B1C92199F36C800B92BC3 /* stb_fan_bata1Tests.m */,
				716B1C8D199F36C800B92BC3 /* Supporting Files */,
			);
			path = "stb☆fan_bata1Tests";
			sourceTree = "<group>";
		};
		716B1C8D199F36C800B92BC3 /* Supporting Files */ = {
			isa = PBXGroup;
			children = (
				716B1C8E199F36C800B92BC3 /* stb☆fan_bata1Tests-Info.plist */,
				716B1C8F199F36C800B92BC3 /* InfoPlist.strings */,
			);
			name = "Supporting Files";
			sourceTree = "<group>";
		};
/* End PBXGroup section */

/* Begin PBXNativeTarget section */
		716B1C5D199F36C800B92BC3 /* stb☆fan_bata1 */ = {
			isa = PBXNativeTarget;
			buildConfigurationList = 716B1C96199F36C800B92BC3 /* Build configuration list for PBXNativeTarget "stb☆fan_bata1" */;
			buildPhases = (
				716B1C5A199F36C800B92BC3 /* Sources */,
				716B1C5B199F36C800B92BC3 /* Frameworks */,
				716B1C5C199F36C800B92BC3 /* Resources */,
			);
			buildRules = (
			);
			dependencies = (
			);
			name = "stb☆fan_bata1";
			productName = "stb☆fan_bata1";
			productReference = 716B1C5E199F36C800B92BC3 /* stb☆fan_bata1.app */;
			productType = "com.apple.product-type.application";
		};
		716B1C84199F36C800B92BC3 /* stb☆fan_bata1Tests */ = {
			isa = PBXNativeTarget;
			buildConfigurationList = 716B1C99199F36C800B92BC3 /* Build configuration list for PBXNativeTarget "stb☆fan_bata1Tests" */;
			buildPhases = (
				716B1C81199F36C800B92BC3 /* Sources */,
				716B1C82199F36C800B92BC3 /* Frameworks */,
				716B1C83199F36C800B92BC3 /* Resources */,
			);
			buildRules = (
			);
			dependencies = (
				716B1C8B199F36C800B92BC3 /* PBXTargetDependency */,
			);
			name = "stb☆fan_bata1Tests";
			productName = "stb☆fan_bata1Tests";
			productReference = 716B1C85199F36C800B92BC3 /* stb☆fan_bata1Tests.xctest */;
			productType = "com.apple.product-type.bundle.unit-test";
		};
/* End PBXNativeTarget section */

/* Begin PBXProject section */
		716B1C56199F36C800B92BC3 /* Project object */ = {
			isa = PBXProject;
			attributes = {
				LastUpgradeCheck = 0510;
				ORGANIZATIONNAME = KazukiOomizo;
				TargetAttributes = {
					716B1C84199F36C800B92BC3 = {
						TestTargetID = 716B1C5D199F36C800B92BC3;
					};
				};
			};
			buildConfigurationList = 716B1C59199F36C800B92BC3 /* Build configuration list for PBXProject "stb☆fan_bata1" */;
			compatibilityVersion = "Xcode 3.2";
			developmentRegion = English;
			hasScannedForEncodings = 0;
			knownRegions = (
				en,
				Base,
			);
			mainGroup = 716B1C55199F36C800B92BC3;
			productRefGroup = 716B1C5F199F36C800B92BC3 /* Products */;
			projectDirPath = "";
			projectRoot = "";
			targets = (
				716B1C5D199F36C800B92BC3 /* stb☆fan_bata1 */,
				716B1C84199F36C800B92BC3 /* stb☆fan_bata1Tests */,
			);
		};
/* End PBXProject section */

/* Begin PBXResourcesBuildPhase section */
		716B1C5C199F36C800B92BC3 /* Resources */ = {
			isa = PBXResourcesBuildPhase;
			buildActionMask = 2147483647;
			files = (
				716B1C78199F36C800B92BC3 /* Main_iPad.storyboard in Resources */,
				716B1C80199F36C800B92BC3 /* Images.xcassets in Resources */,
				716B1C75199F36C800B92BC3 /* Main_iPhone.storyboard in Resources */,
				716B1C6C199F36C800B92BC3 /* InfoPlist.strings in Resources */,
			);
			runOnlyForDeploymentPostprocessing = 0;
		};
		716B1C83199F36C800B92BC3 /* Resources */ = {
			isa = PBXResourcesBuildPhase;
			buildActionMask = 2147483647;
			files = (
				716B1C91199F36C800B92BC3 /* InfoPlist.strings in Resources */,
			);
			runOnlyForDeploymentPostprocessing = 0;
		};
/* End PBXResourcesBuildPhase section */

/* Begin PBXSourcesBuildPhase section */
		716B1C5A199F36C800B92BC3 /* Sources */ = {
			isa = PBXSourcesBuildPhase;
			buildActionMask = 2147483647;
			files = (
				716B1C72199F36C800B92BC3 /* AppDelegate.m in Sources */,
				716B1C7B199F36C800B92BC3 /* MasterViewController.m in Sources */,
				716B1C6E199F36C800B92BC3 /* main.m in Sources */,
				716B1C7E199F36C800B92BC3 /* DetailViewController.m in Sources */,
			);
			runOnlyForDeploymentPostprocessing = 0;
		};
		716B1C81199F36C800B92BC3 /* Sources */ = {
			isa = PBXSourcesBuildPhase;
			buildActionMask = 2147483647;
			files = (
				716B1C93199F36C800B92BC3 /* stb_fan_bata1Tests.m in Sources */,
			);
			runOnlyForDeploymentPostprocessing = 0;
		};
/* End PBXSourcesBuildPhase section */

/* Begin PBXTargetDependency section */
		716B1C8B199F36C800B92BC3 /* PBXTargetDependency */ = {
			isa = PBXTargetDependency;
			target = 716B1C5D199F36C800B92BC3 /* stb☆fan_bata1 */;
			targetProxy = 716B1C8A199F36C800B92BC3 /* PBXContainerItemProxy */;
		};
/* End PBXTargetDependency section */

/* Begin PBXVariantGroup section */
		716B1C6A199F36C800B92BC3 /* InfoPlist.strings */ = {
			isa = PBXVariantGroup;
			children = (
				716B1C6B199F36C800B92BC3 /* en */,
			);
			name = InfoPlist.strings;
			sourceTree = "<group>";
		};
		716B1C73199F36C800B92BC3 /* Main_iPhone.storyboard */ = {
			isa = PBXVariantGroup;
			children = (
				716B1C74199F36C800B92BC3 /* Base */,
			);
			name = Main_iPhone.storyboard;
			sourceTree = "<group>";
		};
		716B1C76199F36C800B92BC3 /* Main_iPad.storyboard */ = {
			isa = PBXVariantGroup;
			children = (
				716B1C77199F36C800B92BC3 /* Base */,
			);
			name = Main_iPad.storyboard;
			sourceTree = "<group>";
		};
		716B1C8F199F36C800B92BC3 /* InfoPlist.strings */ = {
			isa = PBXVariantGroup;
			children = (
				716B1C90199F36C800B92BC3 /* en */,
			);
			name = InfoPlist.strings;
			sourceTree = "<group>";
		};
/* End PBXVariantGroup section */

/* Begin XCBuildConfiguration section */
		716B1C94199F36C800B92BC3 /* Debug */ = {
			isa = XCBuildConfiguration;
			buildSettings = {
				ALWAYS_SEARCH_USER_PATHS = NO;
				CLANG_CXX_LANGUAGE_STANDARD = "gnu++0x";
				CLANG_CXX_LIBRARY = "libc++";
				CLANG_ENABLE_MODULES = YES;
				CLANG_ENABLE_OBJC_ARC = YES;
				CLANG_WARN_BOOL_CONVERSION = YES;
				CLANG_WARN_CONSTANT_CONVERSION = YES;
				CLANG_WARN_DIRECT_OBJC_ISA_USAGE = YES_ERROR;
				CLANG_WARN_EMPTY_BODY = YES;
				CLANG_WARN_ENUM_CONVERSION = YES;
				CLANG_WARN_INT_CONVERSION = YES;
				CLANG_WARN_OBJC_ROOT_CLASS = YES_ERROR;
				CLANG_WARN__DUPLICATE_METHOD_MATCH = YES;
				"CODE_SIGN_IDENTITY[sdk=iphoneos*]" = "iPhone Developer";
				COPY_PHASE_STRIP = NO;
				GCC_C_LANGUAGE_STANDARD = gnu99;
				GCC_DYNAMIC_NO_PIC = NO;
				GCC_OPTIMIZATION_LEVEL = 0;
				GCC_PREPROCESSOR_DEFINITIONS = (
					"DEBUG=1",
					"$(inherited)",
				);
				GCC_SYMBOLS_PRIVATE_EXTERN = NO;
				GCC_WARN_64_TO_32_BIT_CONVERSION = YES;
				GCC_WARN_ABOUT_RETURN_TYPE = YES_ERROR;
				GCC_WARN_UNDECLARED_SELECTOR = YES;
				GCC_WARN_UNINITIALIZED_AUTOS = YES_AGGRESSIVE;
				GCC_WARN_UNUSED_FUNCTION = YES;
				GCC_WARN_UNUSED_VARIABLE = YES;
				IPHONEOS_DEPLOYMENT_TARGET = 7.1;
				ONLY_ACTIVE_ARCH = YES;
				SDKROOT = iphoneos;
				TARGETED_DEVICE_FAMILY = "1,2";
			};
			name = Debug;
		};
		716B1C95199F36C800B92BC3 /* Release */ = {
			isa = XCBuildConfiguration;
			buildSettings = {
				ALWAYS_SEARCH_USER_PATHS = NO;
				CLANG_CXX_LANGUAGE_STANDARD = "gnu++0x";
				CLANG_CXX_LIBRARY = "libc++";
				CLANG_ENABLE_MODULES = YES;
				CLANG_ENABLE_OBJC_ARC = YES;
				CLANG_WARN_BOOL_CONVERSION = YES;
				CLANG_WARN_CONSTANT_CONVERSION = YES;
				CLANG_WARN_DIRECT_OBJC_ISA_USAGE = YES_ERROR;
				CLANG_WARN_EMPTY_BODY = YES;
				CLANG_WARN_ENUM_CONVERSION = YES;
				CLANG_WARN_INT_CONVERSION = YES;
				CLANG_WARN_OBJC_ROOT_CLASS = YES_ERROR;
				CLANG_WARN__DUPLICATE_METHOD_MATCH = YES;
				"CODE_SIGN_IDENTITY[sdk=iphoneos*]" = "iPhone Developer";
				COPY_PHASE_STRIP = YES;
				ENABLE_NS_ASSERTIONS = NO;
				GCC_C_LANGUAGE_STANDARD = gnu99;
				GCC_WARN_64_TO_32_BIT_CONVERSION = YES;
				GCC_WARN_ABOUT_RETURN_TYPE = YES_ERROR;
				GCC_WARN_UNDECLARED_SELECTOR = YES;
				GCC_WARN_UNINITIALIZED_AUTOS = YES_AGGRESSIVE;
				GCC_WARN_UNUSED_FUNCTION = YES;
				GCC_WARN_UNUSED_VARIABLE = YES;
				IPHONEOS_DEPLOYMENT_TARGET = 7.1;
				SDKROOT = iphoneos;
				TARGETED_DEVICE_FAMILY = "1,2";
				VALIDATE_PRODUCT = YES;
			};
			name = Release;
		};
		716B1C97199F36C800B92BC3 /* Debug */ = {
			isa = XCBuildConfiguration;
			buildSettings = {
				ASSETCATALOG_COMPILER_APPICON_NAME = AppIcon;
				ASSETCATALOG_COMPILER_LAUNCHIMAGE_NAME = LaunchImage;
				GCC_PRECOMPILE_PREFIX_HEADER = YES;
				GCC_PREFIX_HEADER = "stb☆fan_bata1/stb☆fan_bata1-Prefix.pch";
				INFOPLIST_FILE = "stb☆fan_bata1/stb☆fan_bata1-Info.plist";
				PRODUCT_NAME = "$(TARGET_NAME)";
				WRAPPER_EXTENSION = app;
			};
			name = Debug;
		};
		716B1C98199F36C800B92BC3 /* Release */ = {
			isa = XCBuildConfiguration;
			buildSettings = {
				ASSETCATALOG_COMPILER_APPICON_NAME = AppIcon;
				ASSETCATALOG_COMPILER_LAUNCHIMAGE_NAME = LaunchImage;
				GCC_PRECOMPILE_PREFIX_HEADER = YES;
				GCC_PREFIX_HEADER = "stb☆fan_bata1/stb☆fan_bata1-Prefix.pch";
				INFOPLIST_FILE = "stb☆fan_bata1/stb☆fan_bata1-Info.plist";
				PRODUCT_NAME = "$(TARGET_NAME)";
				WRAPPER_EXTENSION = app;
			};
			name = Release;
		};
		716B1C9A199F36C800B92BC3 /* Debug */ = {
			isa = XCBuildConfiguration;
			buildSettings = {
				BUNDLE_LOADER = "$(BUILT_PRODUCTS_DIR)/stb☆fan_bata1.app/stb☆fan_bata1";
				FRAMEWORK_SEARCH_PATHS = (
					"$(SDKROOT)/Developer/Library/Frameworks",
					"$(inherited)",
					"$(DEVELOPER_FRAMEWORKS_DIR)",
				);
				GCC_PRECOMPILE_PREFIX_HEADER = YES;
				GCC_PREFIX_HEADER = "stb☆fan_bata1/stb☆fan_bata1-Prefix.pch";
				GCC_PREPROCESSOR_DEFINITIONS = (
					"DEBUG=1",
					"$(inherited)",
				);
				INFOPLIST_FILE = "stb☆fan_bata1Tests/stb☆fan_bata1Tests-Info.plist";
				PRODUCT_NAME = "$(TARGET_NAME)";
				TEST_HOST = "$(BUNDLE_LOADER)";
				WRAPPER_EXTENSION = xctest;
			};
			name = Debug;
		};
		716B1C9B199F36C800B92BC3 /* Release */ = {
			isa = XCBuildConfiguration;
			buildSettings = {
				BUNDLE_LOADER = "$(BUILT_PRODUCTS_DIR)/stb☆fan_bata1.app/stb☆fan_bata1";
				FRAMEWORK_SEARCH_PATHS = (
					"$(SDKROOT)/Developer/Library/Frameworks",
					"$(inherited)",
					"$(DEVELOPER_FRAMEWORKS_DIR)",
				);
				GCC_PRECOMPILE_PREFIX_HEADER = YES;
				GCC_PREFIX_HEADER = "stb☆fan_bata1/stb☆fan_bata1-Prefix.pch";
				INFOPLIST_FILE = "stb☆fan_bata1Tests/stb☆fan_bata1Tests-Info.plist";
				PRODUCT_NAME = "$(TARGET_NAME)";
				TEST_HOST = "$(BUNDLE_LOADER)";
				WRAPPER_EXTENSION = xctest;
			};
			name = Release;
		};
/* End XCBuildConfiguration section */

/* Begin XCConfigurationList section */
		716B1C59199F36C800B92BC3 /* Build configuration list for PBXProject "stb☆fan_bata1" */ = {
			isa = XCConfigurationList;
			buildConfigurations = (
				716B1C94199F36C800B92BC3 /* Debug */,
				716B1C95199F36C800B92BC3 /* Release */,
			);
			defaultConfigurationIsVisible = 0;
			defaultConfigurationName = Release;
		};
		716B1C96199F36C800B92BC3 /* Build configuration list for PBXNativeTarget "stb☆fan_bata1" */ = {
			isa = XCConfigurationList;
			buildConfigurations = (
				716B1C97199F36C800B92BC3 /* Debug */,
				716B1C98199F36C800B92BC3 /* Release */,
			);
			defaultConfigurationIsVisible = 0;
		};
		716B1C99199F36C800B92BC3 /* Build configuration list for PBXNativeTarget "stb☆fan_bata1Tests" */ = {
			isa = XCConfigurationList;
			buildConfigurations = (
				716B1C9A199F36C800B92BC3 /* Debug */,
				716B1C9B199F36C800B92BC3 /* Release */,
			);
			defaultConfigurationIsVisible = 0;
		};
/* End XCConfigurationList section */
	};
	rootObject = 716B1C56199F36C800B92BC3 /* Project object */;
}
